
Microsoft Visual Studio Solution File, Format Version 12.00
# Visual Studio Version 16
VisualStudioVersion = 16.0.31313.79
MinimumVisualStudioVersion = 10.0.40219.1
Project("{FAE04EC0-301F-11D3-BF4B-00C04F79EFBC}") = "API_Practical", "API_Practical\API_Practical.csproj", "{1428AB8F-86DA-493E-A65A-4F26618F7FFF}"
EndProject
Global
	GlobalSection(SolutionConfigurationPlatforms) = preSolution
		Debug|Any CPU = Debug|Any CPU
		Release|Any CPU = Release|Any CPU
	EndGlobalSection
	GlobalSection(ProjectConfigurationPlatforms) = postSolution
		{1428AB8F-86DA-493E-A65A-4F26618F7FFF}.Debug|Any CPU.ActiveCfg = Debug|Any CPU
		{1428AB8F-86DA-493E-A65A-4F26618F7FFF}.Debug|Any CPU.Build.0 = Debug|Any CPU
		{1428AB8F-86DA-493E-A65A-4F26618F7FFF}.Release|Any CPU.ActiveCfg = Release|Any CPU
		{1428AB8F-86DA-493E-A65A-4F26618F7FFF}.Release|Any CPU.Build.0 = Release|Any CPU
	EndGlobalSection
	GlobalSection(SolutionProperties) = preSolution
		HideSolutionNode = FALSE
	EndGlobalSection
	GlobalSection(ExtensibilityGlobals) = postSolution
		SolutionGuid = {C702FAE6-A553-4828-8B05-2C825F295888}
	EndGlobalSection
EndGlobal
